
Microsoft Visual Studio Solution File, Format Version 12.00
# Visual Studio Version 17
VisualStudioVersion = 17.3.32825.248
MinimumVisualStudioVersion = 10.0.40219.1
Project("{FAE04EC0-301F-11D3-BF4B-00C04F79EFBC}") = "Analizator", "Analizator\Analizator.csproj", "{FEC432FF-19A1-4B9C-947C-0E5F4D99B3C3}"
EndProject
Global
	GlobalSection(SolutionConfigurationPlatforms) = preSolution
		Debug|Any CPU = Debug|Any CPU
		Release|Any CPU = Release|Any CPU
	EndGlobalSection
	GlobalSection(ProjectConfigurationPlatforms) = postSolution
		{FEC432FF-19A1-4B9C-947C-0E5F4D99B3C3}.Debug|Any CPU.ActiveCfg = Debug|Any CPU
		{FEC432FF-19A1-4B9C-947C-0E5F4D99B3C3}.Debug|Any CPU.Build.0 = Debug|Any CPU
		{FEC432FF-19A1-4B9C-947C-0E5F4D99B3C3}.Release|Any CPU.ActiveCfg = Release|Any CPU
		{FEC432FF-19A1-4B9C-947C-0E5F4D99B3C3}.Release|Any CPU.Build.0 = Release|Any CPU
	EndGlobalSection
	GlobalSection(SolutionProperties) = preSolution
		HideSolutionNode = FALSE
	EndGlobalSection
	GlobalSection(ExtensibilityGlobals) = postSolution
		SolutionGuid = {A6D81DDF-1D37-442B-ACCA-C60886665F52}
	EndGlobalSection
EndGlobal
